
Microsoft Visual Studio Solution File, Format Version 12.00
# Visual Studio Version 17
VisualStudioVersion = 17.14.36414.22 d17.14
MinimumVisualStudioVersion = 10.0.40219.1
Project("{FAE04EC0-301F-11D3-BF4B-00C04F79EFBC}") = "ConsoleOpcUAClient", "ConsoleOpcUAClient.csproj", "{8B4983BB-9ABE-4FFE-93A8-6D9708B8029F}"
EndProject
Global
	GlobalSection(SolutionConfigurationPlatforms) = preSolution
		Debug|Any CPU = Debug|Any CPU
		Release|Any CPU = Release|Any CPU
	EndGlobalSection
	GlobalSection(ProjectConfigurationPlatforms) = postSolution
		{8B4983BB-9ABE-4FFE-93A8-6D9708B8029F}.Debug|Any CPU.ActiveCfg = Debug|Any CPU
		{8B4983BB-9ABE-4FFE-93A8-6D9708B8029F}.Debug|Any CPU.Build.0 = Debug|Any CPU
		{8B4983BB-9ABE-4FFE-93A8-6D9708B8029F}.Release|Any CPU.ActiveCfg = Release|Any CPU
		{8B4983BB-9ABE-4FFE-93A8-6D9708B8029F}.Release|Any CPU.Build.0 = Release|Any CPU
	EndGlobalSection
	GlobalSection(SolutionProperties) = preSolution
		HideSolutionNode = FALSE
	EndGlobalSection
	GlobalSection(ExtensibilityGlobals) = postSolution
		SolutionGuid = {7DFEE382-E245-44C6-B329-AB0474F27668}
	EndGlobalSection
EndGlobal
